
Microsoft Visual Studio Solution File, Format Version 12.00
# Visual Studio 15
VisualStudioVersion = 15.0.27703.2026
MinimumVisualStudioVersion = 10.0.40219.1
Project("{FAE04EC0-301F-11D3-BF4B-00C04F79EFBC}") = "SecretSanta.Android", "SecretSanta\SecretSanta.Android\SecretSanta.Android.csproj", "{38614D19-0DCE-45C8-8C01-3E828D388F95}"
EndProject
Project("{FAE04EC0-301F-11D3-BF4B-00C04F79EFBC}") = "SecretSanta.iOS", "SecretSanta\SecretSanta.iOS\SecretSanta.iOS.csproj", "{BCB1FE6B-A64D-4416-95D4-ED367E683DBE}"
EndProject
Project("{FAE04EC0-301F-11D3-BF4B-00C04F79EFBC}") = "SecretSanta.UWP", "SecretSanta\SecretSanta.UWP\SecretSanta.UWP.csproj", "{DB2E59A9-4764-4C6B-A8A2-A9AD5751E41F}"
EndProject
Project("{9A19103F-16F7-4668-BE54-9A1E7A4F7556}") = "SecretSanta.MobileAppService", "SecretSanta\SecretSanta.MobileAppService\SecretSanta.MobileAppService.csproj", "{A419D5E4-292A-4A63-B4DC-E2703BF45DBB}"
EndProject
Project("{9A19103F-16F7-4668-BE54-9A1E7A4F7556}") = "SecretSanta", "SecretSanta\SecretSanta\SecretSanta.csproj", "{5AED5EE4-A0BB-4FB5-839E-B63C48E61233}"
EndProject
Project("{9A19103F-16F7-4668-BE54-9A1E7A4F7556}") = "SecretSanta.MobileAppService.Test", "SecretSanta.MobileAppService.Test\SecretSanta.MobileAppService.Test.csproj", "{6F27A1A7-9FE4-449F-A630-DE47D5BB1FEF}"
EndProject
Global
	GlobalSection(SolutionConfigurationPlatforms) = preSolution
		Debug|Any CPU = Debug|Any CPU
		Debug|ARM = Debug|ARM
		Debug|iPhone = Debug|iPhone
		Debug|iPhoneSimulator = Debug|iPhoneSimulator
		Debug|x64 = Debug|x64
		Debug|x86 = Debug|x86
		Release|Any CPU = Release|Any CPU
		Release|ARM = Release|ARM
		Release|iPhone = Release|iPhone
		Release|iPhoneSimulator = Release|iPhoneSimulator
		Release|x64 = Release|x64
		Release|x86 = Release|x86
	EndGlobalSection
	GlobalSection(ProjectConfigurationPlatforms) = postSolution
		{38614D19-0DCE-45C8-8C01-3E828D388F95}.Debug|Any CPU.ActiveCfg = Debug|Any CPU
		{38614D19-0DCE-45C8-8C01-3E828D388F95}.Debug|Any CPU.Build.0 = Debug|Any CPU
		{38614D19-0DCE-45C8-8C01-3E828D388F95}.Debug|Any CPU.Deploy.0 = Debug|Any CPU
		{38614D19-0DCE-45C8-8C01-3E828D388F95}.Debug|ARM.ActiveCfg = Debug|Any CPU
		{38614D19-0DCE-45C8-8C01-3E828D388F95}.Debug|ARM.Build.0 = Debug|Any CPU
		{38614D19-0DCE-45C8-8C01-3E828D388F95}.Debug|ARM.Deploy.0 = Debug|Any CPU
		{38614D19-0DCE-45C8-8C01-3E828D388F95}.Debug|iPhone.ActiveCfg = Debug|Any CPU
		{38614D19-0DCE-45C8-8C01-3E828D388F95}.Debug|iPhone.Build.0 = Debug|Any CPU
		{38614D19-0DCE-45C8-8C01-3E828D388F95}.Debug|iPhone.Deploy.0 = Debug|Any CPU
		{38614D19-0DCE-45C8-8C01-3E828D388F95}.Debug|iPhoneSimulator.ActiveCfg = Debug|Any CPU
		{38614D19-0DCE-45C8-8C01-3E828D388F95}.Debug|iPhoneSimulator.Build.0 = Debug|Any CPU
		{38614D19-0DCE-45C8-8C01-3E828D388F95}.Debug|iPhoneSimulator.Deploy.0 = Debug|Any CPU
		{38614D19-0DCE-45C8-8C01-3E828D388F95}.Debug|x64.ActiveCfg = Debug|Any CPU
		{38614D19-0DCE-45C8-8C01-3E828D388F95}.Debug|x64.Build.0 = Debug|Any CPU
		{38614D19-0DCE-45C8-8C01-3E828D388F95}.Debug|x64.Deploy.0 = Debug|Any CPU
		{38614D19-0DCE-45C8-8C01-3E828D388F95}.Debug|x86.ActiveCfg = Debug|Any CPU
		{38614D19-0DCE-45C8-8C01-3E828D388F95}.Debug|x86.Build.0 = Debug|Any CPU
		{38614D19-0DCE-45C8-8C01-3E828D388F95}.Debug|x86.Deploy.0 = Debug|Any CPU
		{38614D19-0DCE-45C8-8C01-3E828D388F95}.Release|Any CPU.ActiveCfg = Release|Any CPU
		{38614D19-0DCE-45C8-8C01-3E828D388F95}.Release|Any CPU.Build.0 = Release|Any CPU
		{38614D19-0DCE-45C8-8C01-3E828D388F95}.Release|Any CPU.Deploy.0 = Release|Any CPU
		{38614D19-0DCE-45C8-8C01-3E828D388F95}.Release|ARM.ActiveCfg = Release|Any CPU
		{38614D19-0DCE-45C8-8C01-3E828D388F95}.Release|ARM.Build.0 = Release|Any CPU
		{38614D19-0DCE-45C8-8C01-3E828D388F95}.Release|ARM.Deploy.0 = Release|Any CPU
		{38614D19-0DCE-45C8-8C01-3E828D388F95}.Release|iPhone.ActiveCfg = Release|Any CPU
		{38614D19-0DCE-45C8-8C01-3E828D388F95}.Release|iPhone.Build.0 = Release|Any CPU
		{38614D19-0DCE-45C8-8C01-3E828D388F95}.Release|iPhone.Deploy.0 = Release|Any CPU
		{38614D19-0DCE-45C8-8C01-3E828D388F95}.Release|iPhoneSimulator.ActiveCfg = Release|Any CPU
		{38614D19-0DCE-45C8-8C01-3E828D388F95}.Release|iPhoneSimulator.Build.0 = Release|Any CPU
		{38614D19-0DCE-45C8-8C01-3E828D388F95}.Release|iPhoneSimulator.Deploy.0 = Release|Any CPU
		{38614D19-0DCE-45C8-8C01-3E828D388F95}.Release|x64.ActiveCfg = Release|Any CPU
		{38614D19-0DCE-45C8-8C01-3E828D388F95}.Release|x64.Build.0 = Release|Any CPU
		{38614D19-0DCE-45C8-8C01-3E828D388F95}.Release|x64.Deploy.0 = Release|Any CPU
		{38614D19-0DCE-45C8-8C01-3E828D388F95}.Release|x86.ActiveCfg = Release|Any CPU
		{38614D19-0DCE-45C8-8C01-3E828D388F95}.Release|x86.Build.0 = Release|Any CPU
		{38614D19-0DCE-45C8-8C01-3E828D388F95}.Release|x86.Deploy.0 = Release|Any CPU
		{BCB1FE6B-A64D-4416-95D4-ED367E683DBE}.Debug|Any CPU.ActiveCfg = Debug|iPhone
		{BCB1FE6B-A64D-4416-95D4-ED367E683DBE}.Debug|ARM.ActiveCfg = Debug|iPhone
		{BCB1FE6B-A64D-4416-95D4-ED367E683DBE}.Debug|iPhone.ActiveCfg = Debug|iPhone
		{BCB1FE6B-A64D-4416-95D4-ED367E683DBE}.Debug|iPhone.Build.0 = Debug|iPhone
		{BCB1FE6B-A64D-4416-95D4-ED367E683DBE}.Debug|iPhoneSimulator.ActiveCfg = Debug|iPhoneSimulator
		{BCB1FE6B-A64D-4416-95D4-ED367E683DBE}.Debug|iPhoneSimulator.Build.0 = Debug|iPhoneSimulator
		{BCB1FE6B-A64D-4416-95D4-ED367E683DBE}.Debug|x64.ActiveCfg = Debug|iPhone
		{BCB1FE6B-A64D-4416-95D4-ED367E683DBE}.Debug|x86.ActiveCfg = Debug|iPhone
		{BCB1FE6B-A64D-4416-95D4-ED367E683DBE}.Release|Any CPU.ActiveCfg = Release|iPhone
		{BCB1FE6B-A64D-4416-95D4-ED367E683DBE}.Release|ARM.ActiveCfg = Release|iPhone
		{BCB1FE6B-A64D-4416-95D4-ED367E683DBE}.Release|iPhone.ActiveCfg = Release|iPhone
		{BCB1FE6B-A64D-4416-95D4-ED367E683DBE}.Release|iPhone.Build.0 = Release|iPhone
		{BCB1FE6B-A64D-4416-95D4-ED367E683DBE}.Release|iPhoneSimulator.ActiveCfg = Release|iPhoneSimulator
		{BCB1FE6B-A64D-4416-95D4-ED367E683DBE}.Release|iPhoneSimulator.Build.0 = Release|iPhoneSimulator
		{BCB1FE6B-A64D-4416-95D4-ED367E683DBE}.Release|x64.ActiveCfg = Release|iPhone
		{BCB1FE6B-A64D-4416-95D4-ED367E683DBE}.Release|x86.ActiveCfg = Release|iPhone
		{DB2E59A9-4764-4C6B-A8A2-A9AD5751E41F}.Debug|Any CPU.ActiveCfg = Debug|x86
		{DB2E59A9-4764-4C6B-A8A2-A9AD5751E41F}.Debug|Any CPU.Build.0 = Debug|x86
		{DB2E59A9-4764-4C6B-A8A2-A9AD5751E41F}.Debug|Any CPU.Deploy.0 = Debug|x86
		{DB2E59A9-4764-4C6B-A8A2-A9AD5751E41F}.Debug|ARM.ActiveCfg = Debug|ARM
		{DB2E59A9-4764-4C6B-A8A2-A9AD5751E41F}.Debug|ARM.Build.0 = Debug|ARM
		{DB2E59A9-4764-4C6B-A8A2-A9AD5751E41F}.Debug|ARM.Deploy.0 = Debug|ARM
		{DB2E59A9-4764-4C6B-A8A2-A9AD5751E41F}.Debug|iPhone.ActiveCfg = Debug|x86
		{DB2E59A9-4764-4C6B-A8A2-A9AD5751E41F}.Debug|iPhoneSimulator.ActiveCfg = Debug|x86
		{DB2E59A9-4764-4C6B-A8A2-A9AD5751E41F}.Debug|x64.ActiveCfg = Debug|x64
		{DB2E59A9-4764-4C6B-A8A2-A9AD5751E41F}.Debug|x64.Build.0 = Debug|x64
		{DB2E59A9-4764-4C6B-A8A2-A9AD5751E41F}.Debug|x64.Deploy.0 = Debug|x64
		{DB2E59A9-4764-4C6B-A8A2-A9AD5751E41F}.Debug|x86.ActiveCfg = Debug|x86
		{DB2E59A9-4764-4C6B-A8A2-A9AD5751E41F}.Debug|x86.Build.0 = Debug|x86
		{DB2E59A9-4764-4C6B-A8A2-A9AD5751E41F}.Debug|x86.Deploy.0 = Debug|x86
		{DB2E59A9-4764-4C6B-A8A2-A9AD5751E41F}.Release|Any CPU.ActiveCfg = Release|x86
		{DB2E59A9-4764-4C6B-A8A2-A9AD5751E41F}.Release|ARM.ActiveCfg = Release|ARM
		{DB2E59A9-4764-4C6B-A8A2-A9AD5751E41F}.Release|ARM.Build.0 = Release|ARM
		{DB2E59A9-4764-4C6B-A8A2-A9AD5751E41F}.Release|ARM.Deploy.0 = Release|ARM
		{DB2E59A9-4764-4C6B-A8A2-A9AD5751E41F}.Release|iPhone.ActiveCfg = Release|x86
		{DB2E59A9-4764-4C6B-A8A2-A9AD5751E41F}.Release|iPhoneSimulator.ActiveCfg = Release|x86
		{DB2E59A9-4764-4C6B-A8A2-A9AD5751E41F}.Release|x64.ActiveCfg = Release|x64
		{DB2E59A9-4764-4C6B-A8A2-A9AD5751E41F}.Release|x64.Build.0 = Release|x64
		{DB2E59A9-4764-4C6B-A8A2-A9AD5751E41F}.Release|x64.Deploy.0 = Release|x64
		{DB2E59A9-4764-4C6B-A8A2-A9AD5751E41F}.Release|x86.ActiveCfg = Release|x86
		{DB2E59A9-4764-4C6B-A8A2-A9AD5751E41F}.Release|x86.Build.0 = Release|x86
		{DB2E59A9-4764-4C6B-A8A2-A9AD5751E41F}.Release|x86.Deploy.0 = Release|x86
		{A419D5E4-292A-4A63-B4DC-E2703BF45DBB}.Debug|Any CPU.ActiveCfg = Debug|Any CPU
		{A419D5E4-292A-4A63-B4DC-E2703BF45DBB}.Debug|Any CPU.Build.0 = Debug|Any CPU
		{A419D5E4-292A-4A63-B4DC-E2703BF45DBB}.Debug|ARM.ActiveCfg = Debug|Any CPU
		{A419D5E4-292A-4A63-B4DC-E2703BF45DBB}.Debug|ARM.Build.0 = Debug|Any CPU
		{A419D5E4-292A-4A63-B4DC-E2703BF45DBB}.Debug|iPhone.ActiveCfg = Debug|Any CPU
		{A419D5E4-292A-4A63-B4DC-E2703BF45DBB}.Debug|iPhone.Build.0 = Debug|Any CPU
		{A419D5E4-292A-4A63-B4DC-E2703BF45DBB}.Debug|iPhoneSimulator.ActiveCfg = Debug|Any CPU
		{A419D5E4-292A-4A63-B4DC-E2703BF45DBB}.Debug|iPhoneSimulator.Build.0 = Debug|Any CPU
		{A419D5E4-292A-4A63-B4DC-E2703BF45DBB}.Debug|x64.ActiveCfg = Debug|Any CPU
		{A419D5E4-292A-4A63-B4DC-E2703BF45DBB}.Debug|x64.Build.0 = Debug|Any CPU
		{A419D5E4-292A-4A63-B4DC-E2703BF45DBB}.Debug|x86.ActiveCfg = Debug|Any CPU
		{A419D5E4-292A-4A63-B4DC-E2703BF45DBB}.Debug|x86.Build.0 = Debug|Any CPU
		{A419D5E4-292A-4A63-B4DC-E2703BF45DBB}.Release|Any CPU.ActiveCfg = Release|Any CPU
		{A419D5E4-292A-4A63-B4DC-E2703BF45DBB}.Release|Any CPU.Build.0 = Release|Any CPU
		{A419D5E4-292A-4A63-B4DC-E2703BF45DBB}.Release|ARM.ActiveCfg = Release|Any CPU
		{A419D5E4-292A-4A63-B4DC-E2703BF45DBB}.Release|ARM.Build.0 = Release|Any CPU
		{A419D5E4-292A-4A63-B4DC-E2703BF45DBB}.Release|iPhone.ActiveCfg = Release|Any CPU
		{A419D5E4-292A-4A63-B4DC-E2703BF45DBB}.Release|iPhone.Build.0 = Release|Any CPU
		{A419D5E4-292A-4A63-B4DC-E2703BF45DBB}.Release|iPhoneSimulator.ActiveCfg = Release|Any CPU
		{A419D5E4-292A-4A63-B4DC-E2703BF45DBB}.Release|iPhoneSimulator.Build.0 = Release|Any CPU
		{A419D5E4-292A-4A63-B4DC-E2703BF45DBB}.Release|x64.ActiveCfg = Release|Any CPU
		{A419D5E4-292A-4A63-B4DC-E2703BF45DBB}.Release|x64.Build.0 = Release|Any CPU
		{A419D5E4-292A-4A63-B4DC-E2703BF45DBB}.Release|x86.ActiveCfg = Release|Any CPU
		{A419D5E4-292A-4A63-B4DC-E2703BF45DBB}.Release|x86.Build.0 = Release|Any CPU
		{5AED5EE4-A0BB-4FB5-839E-B63C48E61233}.Debug|Any CPU.ActiveCfg = Debug|Any CPU
		{5AED5EE4-A0BB-4FB5-839E-B63C48E61233}.Debug|Any CPU.Build.0 = Debug|Any CPU
		{5AED5EE4-A0BB-4FB5-839E-B63C48E61233}.Debug|ARM.ActiveCfg = Debug|Any CPU
		{5AED5EE4-A0BB-4FB5-839E-B63C48E61233}.Debug|ARM.Build.0 = Debug|Any CPU
		{5AED5EE4-A0BB-4FB5-839E-B63C48E61233}.Debug|iPhone.ActiveCfg = Debug|Any CPU
		{5AED5EE4-A0BB-4FB5-839E-B63C48E61233}.Debug|iPhone.Build.0 = Debug|Any CPU
		{5AED5EE4-A0BB-4FB5-839E-B63C48E61233}.Debug|iPhoneSimulator.ActiveCfg = Debug|Any CPU
		{5AED5EE4-A0BB-4FB5-839E-B63C48E61233}.Debug|iPhoneSimulator.Build.0 = Debug|Any CPU
		{5AED5EE4-A0BB-4FB5-839E-B63C48E61233}.Debug|x64.ActiveCfg = Debug|Any CPU
		{5AED5EE4-A0BB-4FB5-839E-B63C48E61233}.Debug|x64.Build.0 = Debug|Any CPU
		{5AED5EE4-A0BB-4FB5-839E-B63C48E61233}.Debug|x86.ActiveCfg = Debug|Any CPU
		{5AED5EE4-A0BB-4FB5-839E-B63C48E61233}.Debug|x86.Build.0 = Debug|Any CPU
		{5AED5EE4-A0BB-4FB5-839E-B63C48E61233}.Release|Any CPU.ActiveCfg = Release|Any CPU
		{5AED5EE4-A0BB-4FB5-839E-B63C48E61233}.Release|Any CPU.Build.0 = Release|Any CPU
		{5AED5EE4-A0BB-4FB5-839E-B63C48E61233}.Release|ARM.ActiveCfg = Release|Any CPU
		{5AED5EE4-A0BB-4FB5-839E-B63C48E61233}.Release|ARM.Build.0 = Release|Any CPU
		{5AED5EE4-A0BB-4FB5-839E-B63C48E61233}.Release|iPhone.ActiveCfg = Release|Any CPU
		{5AED5EE4-A0BB-4FB5-839E-B63C48E61233}.Release|iPhone.Build.0 = Release|Any CPU
		{5AED5EE4-A0BB-4FB5-839E-B63C48E61233}.Release|iPhoneSimulator.ActiveCfg = Release|Any CPU
		{5AED5EE4-A0BB-4FB5-839E-B63C48E61233}.Release|iPhoneSimulator.Build.0 = Release|Any CPU
		{5AED5EE4-A0BB-4FB5-839E-B63C48E61233}.Release|x64.ActiveCfg = Release|Any CPU
		{5AED5EE4-A0BB-4FB5-839E-B63C48E61233}.Release|x64.Build.0 = Release|Any CPU
		{5AED5EE4-A0BB-4FB5-839E-B63C48E61233}.Release|x86.ActiveCfg = Release|Any CPU
		{5AED5EE4-A0BB-4FB5-839E-B63C48E61233}.Release|x86.Build.0 = Release|Any CPU
		{6F27A1A7-9FE4-449F-A630-DE47D5BB1FEF}.Debug|Any CPU.ActiveCfg = Debug|Any CPU
		{6F27A1A7-9FE4-449F-A630-DE47D5BB1FEF}.Debug|Any CPU.Build.0 = Debug|Any CPU
		{6F27A1A7-9FE4-449F-A630-DE47D5BB1FEF}.Debug|ARM.ActiveCfg = Debug|Any CPU
		{6F27A1A7-9FE4-449F-A630-DE47D5BB1FEF}.Debug|ARM.Build.0 = Debug|Any CPU
		{6F27A1A7-9FE4-449F-A630-DE47D5BB1FEF}.Debug|iPhone.ActiveCfg = Debug|Any CPU
		{6F27A1A7-9FE4-449F-A630-DE47D5BB1FEF}.Debug|iPhone.Build.0 = Debug|Any CPU
		{6F27A1A7-9FE4-449F-A630-DE47D5BB1FEF}.Debug|iPhoneSimulator.ActiveCfg = Debug|Any CPU
		{6F27A1A7-9FE4-449F-A630-DE47D5BB1FEF}.Debug|iPhoneSimulator.Build.0 = Debug|Any CPU
		{6F27A1A7-9FE4-449F-A630-DE47D5BB1FEF}.Debug|x64.ActiveCfg = Debug|Any CPU
		{6F27A1A7-9FE4-449F-A630-DE47D5BB1FEF}.Debug|x64.Build.0 = Debug|Any CPU
		{6F27A1A7-9FE4-449F-A630-DE47D5BB1FEF}.Debug|x86.ActiveCfg = Debug|Any CPU
		{6F27A1A7-9FE4-449F-A630-DE47D5BB1FEF}.Debug|x86.Build.0 = Debug|Any CPU
		{6F27A1A7-9FE4-449F-A630-DE47D5BB1FEF}.Release|Any CPU.ActiveCfg = Release|Any CPU
		{6F27A1A7-9FE4-449F-A630-DE47D5BB1FEF}.Release|Any CPU.Build.0 = Release|Any CPU
		{6F27A1A7-9FE4-449F-A630-DE47D5BB1FEF}.Release|ARM.ActiveCfg = Release|Any CPU
		{6F27A1A7-9FE4-449F-A630-DE47D5BB1FEF}.Release|ARM.Build.0 = Release|Any CPU
		{6F27A1A7-9FE4-449F-A630-DE47D5BB1FEF}.Release|iPhone.ActiveCfg = Release|Any CPU
		{6F27A1A7-9FE4-449F-A630-DE47D5BB1FEF}.Release|iPhone.Build.0 = Release|Any CPU
		{6F27A1A7-9FE4-449F-A630-DE47D5BB1FEF}.Release|iPhoneSimulator.ActiveCfg = Release|Any CPU
		{6F27A1A7-9FE4-449F-A630-DE47D5BB1FEF}.Release|iPhoneSimulator.Build.0 = Release|Any CPU
		{6F27A1A7-9FE4-449F-A630-DE47D5BB1FEF}.Release|x64.ActiveCfg = Release|Any CPU
		{6F27A1A7-9FE4-449F-A630-DE47D5BB1FEF}.Release|x64.Build.0 = Release|Any CPU
		{6F27A1A7-9FE4-449F-A630-DE47D5BB1FEF}.Release|x86.ActiveCfg = Release|Any CPU
		{6F27A1A7-9FE4-449F-A630-DE47D5BB1FEF}.Release|x86.Build.0 = Release|Any CPU
	EndGlobalSection
	GlobalSection(SolutionProperties) = preSolution
		HideSolutionNode = FALSE
	EndGlobalSection
	GlobalSection(ExtensibilityGlobals) = postSolution
		SolutionGuid = {DCFA18E9-6333-416E-B223-2B43C4A3C917}
	EndGlobalSection
EndGlobal
